// !$*UTF8*$!
{
	archiveVersion = 1;
	classes = {
	};
	objectVersion = 46;
	objects = {

/* Begin PBXBuildFile section */
		96D6C734389045EBAD0A4144 /* libPods.a in Frameworks */ = {isa = PBXBuildFile; fileRef = 0011BD28C7BB489584051A22 /* libPods.a */; };
		BE3816C1187BC3C60005C7DE /* Foundation.framework in Frameworks */ = {isa = PBXBuildFile; fileRef = BE3816C0187BC3C60005C7DE /* Foundation.framework */; };
		BE3816C3187BC3C60005C7DE /* CoreGraphics.framework in Frameworks */ = {isa = PBXBuildFile; fileRef = BE3816C2187BC3C60005C7DE /* CoreGraphics.framework */; };
		BE3816C5187BC3C60005C7DE /* UIKit.framework in Frameworks */ = {isa = PBXBuildFile; fileRef = BE3816C4187BC3C60005C7DE /* UIKit.framework */; };
		BE3816CB187BC3C60005C7DE /* InfoPlist.strings in Resources */ = {isa = PBXBuildFile; fileRef = BE3816C9187BC3C60005C7DE /* InfoPlist.strings */; };
		BE3816CD187BC3C60005C7DE /* main.m in Sources */ = {isa = PBXBuildFile; fileRef = BE3816CC187BC3C60005C7DE /* main.m */; };
		BE3816D1187BC3C60005C7DE /* AppDelegate.m in Sources */ = {isa = PBXBuildFile; fileRef = BE3816D0187BC3C60005C7DE /* AppDelegate.m */; };
		BE3816D4187BC3C60005C7DE /* Main.storyboard in Resources */ = {isa = PBXBuildFile; fileRef = BE3816D2187BC3C60005C7DE /* Main.storyboard */; };
		BE3816D7187BC3C60005C7DE /* ViewController.m in Sources */ = {isa = PBXBuildFile; fileRef = BE3816D6187BC3C60005C7DE /* ViewController.m */; };
		BE3816D9187BC3C60005C7DE /* Images.xcassets in Resources */ = {isa = PBXBuildFile; fileRef = BE3816D8187BC3C60005C7DE /* Images.xcassets */; };
		BE3816E0187BC3C60005C7DE /* XCTest.framework in Frameworks */ = {isa = PBXBuildFile; fileRef = BE3816DF187BC3C60005C7DE /* XCTest.framework */; };
		BE3816E1187BC3C60005C7DE /* Foundation.framework in Frameworks */ = {isa = PBXBuildFile; fileRef = BE3816C0187BC3C60005C7DE /* Foundation.framework */; };
		BE3816E2187BC3C60005C7DE /* UIKit.framework in Frameworks */ = {isa = PBXBuildFile; fileRef = BE3816C4187BC3C60005C7DE /* UIKit.framework */; };
		BE3816EA187BC3C60005C7DE /* InfoPlist.strings in Resources */ = {isa = PBXBuildFile; fileRef = BE3816E8187BC3C60005C7DE /* InfoPlist.strings */; };
		BE3816EC187BC3C60005C7DE /* bGeigieNanoiPhoneTests.m in Sources */ = {isa = PBXBuildFile; fileRef = BE3816EB187BC3C60005C7DE /* bGeigieNanoiPhoneTests.m */; };
		BE3816F6187BC90A0005C7DE /* CoreBluetooth.framework in Frameworks */ = {isa = PBXBuildFile; fileRef = BE3816F5187BC90A0005C7DE /* CoreBluetooth.framework */; };
		BE3816FD187BF35C0005C7DE /* FindingPeripheralTableViewController.m in Sources */ = {isa = PBXBuildFile; fileRef = BE3816FC187BF35C0005C7DE /* FindingPeripheralTableViewController.m */; };
		BE9CC199187E365B00401717 /* ViewController.m in Sources */ = {isa = PBXBuildFile; fileRef = BE3816D6187BC3C60005C7DE /* ViewController.m */; };
		BE9CC19A187E365B00401717 /* AppDelegate.m in Sources */ = {isa = PBXBuildFile; fileRef = BE3816D0187BC3C60005C7DE /* AppDelegate.m */; };
		BE9CC19B187E365B00401717 /* main.m in Sources */ = {isa = PBXBuildFile; fileRef = BE3816CC187BC3C60005C7DE /* main.m */; };
		BE9CC19C187E365B00401717 /* FindingPeripheralTableViewController.m in Sources */ = {isa = PBXBuildFile; fileRef = BE3816FC187BF35C0005C7DE /* FindingPeripheralTableViewController.m */; };
		BE9CC19E187E365B00401717 /* CoreBluetooth.framework in Frameworks */ = {isa = PBXBuildFile; fileRef = BE3816F5187BC90A0005C7DE /* CoreBluetooth.framework */; };
		BE9CC19F187E365B00401717 /* CoreGraphics.framework in Frameworks */ = {isa = PBXBuildFile; fileRef = BE3816C2187BC3C60005C7DE /* CoreGraphics.framework */; };
		BE9CC1A0187E365B00401717 /* UIKit.framework in Frameworks */ = {isa = PBXBuildFile; fileRef = BE3816C4187BC3C60005C7DE /* UIKit.framework */; };
		BE9CC1A1187E365B00401717 /* Foundation.framework in Frameworks */ = {isa = PBXBuildFile; fileRef = BE3816C0187BC3C60005C7DE /* Foundation.framework */; };
		BE9CC1A3187E365B00401717 /* Images.xcassets in Resources */ = {isa = PBXBuildFile; fileRef = BE3816D8187BC3C60005C7DE /* Images.xcassets */; };
		BE9CC1A4187E365B00401717 /* InfoPlist.strings in Resources */ = {isa = PBXBuildFile; fileRef = BE3816C9187BC3C60005C7DE /* InfoPlist.strings */; };
		BE9CC1A5187E365B00401717 /* Main.storyboard in Resources */ = {isa = PBXBuildFile; fileRef = BE3816D2187BC3C60005C7DE /* Main.storyboard */; };
		BEDD77F6187FE5700089B779 /* SensorDataParser.m in Sources */ = {isa = PBXBuildFile; fileRef = BEDD77F2187FE5700089B779 /* SensorDataParser.m */; };
		BEDD77F7187FE5700089B779 /* SensorDataParser.m in Sources */ = {isa = PBXBuildFile; fileRef = BEDD77F2187FE5700089B779 /* SensorDataParser.m */; };
		BEDD77F8187FE5700089B779 /* SensorDataParser.m in Sources */ = {isa = PBXBuildFile; fileRef = BEDD77F2187FE5700089B779 /* SensorDataParser.m */; };
		BEDD7802187FE5D20089B779 /* SensorData.m in Sources */ = {isa = PBXBuildFile; fileRef = BEDD7801187FE5D20089B779 /* SensorData.m */; };
		BEDD7803187FE5D20089B779 /* SensorData.m in Sources */ = {isa = PBXBuildFile; fileRef = BEDD7801187FE5D20089B779 /* SensorData.m */; };
		BEDD7804187FE5D20089B779 /* SensorData.m in Sources */ = {isa = PBXBuildFile; fileRef = BEDD7801187FE5D20089B779 /* SensorData.m */; };
		CE5B0AB5187E5534002B16DF /* libPods.a in Frameworks */ = {isa = PBXBuildFile; fileRef = CE5B0AB4187E5534002B16DF /* libPods.a */; };
/* End PBXBuildFile section */

/* Begin PBXContainerItemProxy section */
		BE3816E3187BC3C60005C7DE /* PBXContainerItemProxy */ = {
			isa = PBXContainerItemProxy;
			containerPortal = BE3816B5187BC3C60005C7DE /* Project object */;
			proxyType = 1;
			remoteGlobalIDString = BE3816BC187BC3C60005C7DE;
			remoteInfo = bGeigieNanoiPhone;
		};
/* End PBXContainerItemProxy section */

/* Begin PBXFileReference section */
		0011BD28C7BB489584051A22 /* libPods.a */ = {isa = PBXFileReference; explicitFileType = archive.ar; includeInIndex = 0; path = libPods.a; sourceTree = BUILT_PRODUCTS_DIR; };
		36EC5B5507664A8B917DF741 /* Pods.xcconfig */ = {isa = PBXFileReference; includeInIndex = 1; lastKnownFileType = text.xcconfig; name = Pods.xcconfig; path = Pods/Pods.xcconfig; sourceTree = "<group>"; };
		BE3816BD187BC3C60005C7DE /* bGeigieNanoiPhone.app */ = {isa = PBXFileReference; explicitFileType = wrapper.application; includeInIndex = 0; path = bGeigieNanoiPhone.app; sourceTree = BUILT_PRODUCTS_DIR; };
		BE3816C0187BC3C60005C7DE /* Foundation.framework */ = {isa = PBXFileReference; lastKnownFileType = wrapper.framework; name = Foundation.framework; path = System/Library/Frameworks/Foundation.framework; sourceTree = SDKROOT; };
		BE3816C2187BC3C60005C7DE /* CoreGraphics.framework */ = {isa = PBXFileReference; lastKnownFileType = wrapper.framework; name = CoreGraphics.framework; path = System/Library/Frameworks/CoreGraphics.framework; sourceTree = SDKROOT; };
		BE3816C4187BC3C60005C7DE /* UIKit.framework */ = {isa = PBXFileReference; lastKnownFileType = wrapper.framework; name = UIKit.framework; path = System/Library/Frameworks/UIKit.framework; sourceTree = SDKROOT; };
		BE3816C8187BC3C60005C7DE /* bGeigieNanoiPhone-Info.plist */ = {isa = PBXFileReference; lastKnownFileType = text.plist.xml; path = "bGeigieNanoiPhone-Info.plist"; sourceTree = "<group>"; };
		BE3816CA187BC3C60005C7DE /* en */ = {isa = PBXFileReference; lastKnownFileType = text.plist.strings; name = en; path = en.lproj/InfoPlist.strings; sourceTree = "<group>"; };
		BE3816CC187BC3C60005C7DE /* main.m */ = {isa = PBXFileReference; lastKnownFileType = sourcecode.c.objc; path = main.m; sourceTree = "<group>"; };
		BE3816CE187BC3C60005C7DE /* bGeigieNanoiPhone-Prefix.pch */ = {isa = PBXFileReference; lastKnownFileType = sourcecode.c.h; path = "bGeigieNanoiPhone-Prefix.pch"; sourceTree = "<group>"; };
		BE3816CF187BC3C60005C7DE /* AppDelegate.h */ = {isa = PBXFileReference; lastKnownFileType = sourcecode.c.h; path = AppDelegate.h; sourceTree = "<group>"; };
		BE3816D0187BC3C60005C7DE /* AppDelegate.m */ = {isa = PBXFileReference; lastKnownFileType = sourcecode.c.objc; path = AppDelegate.m; sourceTree = "<group>"; };
		BE3816D3187BC3C60005C7DE /* Base */ = {isa = PBXFileReference; lastKnownFileType = file.storyboard; name = Base; path = Base.lproj/Main.storyboard; sourceTree = "<group>"; };
		BE3816D5187BC3C60005C7DE /* ViewController.h */ = {isa = PBXFileReference; lastKnownFileType = sourcecode.c.h; path = ViewController.h; sourceTree = "<group>"; };
		BE3816D6187BC3C60005C7DE /* ViewController.m */ = {isa = PBXFileReference; lastKnownFileType = sourcecode.c.objc; path = ViewController.m; sourceTree = "<group>"; };
		BE3816D8187BC3C60005C7DE /* Images.xcassets */ = {isa = PBXFileReference; lastKnownFileType = folder.assetcatalog; path = Images.xcassets; sourceTree = "<group>"; };
		BE3816DE187BC3C60005C7DE /* bGeigieNanoiPhoneTests.xctest */ = {isa = PBXFileReference; explicitFileType = wrapper.cfbundle; includeInIndex = 0; path = bGeigieNanoiPhoneTests.xctest; sourceTree = BUILT_PRODUCTS_DIR; };
		BE3816DF187BC3C60005C7DE /* XCTest.framework */ = {isa = PBXFileReference; lastKnownFileType = wrapper.framework; name = XCTest.framework; path = Library/Frameworks/XCTest.framework; sourceTree = DEVELOPER_DIR; };
		BE3816E7187BC3C60005C7DE /* bGeigieNanoiPhoneTests-Info.plist */ = {isa = PBXFileReference; lastKnownFileType = text.plist.xml; path = "bGeigieNanoiPhoneTests-Info.plist"; sourceTree = "<group>"; };
		BE3816E9187BC3C60005C7DE /* en */ = {isa = PBXFileReference; lastKnownFileType = text.plist.strings; name = en; path = en.lproj/InfoPlist.strings; sourceTree = "<group>"; };
		BE3816EB187BC3C60005C7DE /* bGeigieNanoiPhoneTests.m */ = {isa = PBXFileReference; lastKnownFileType = sourcecode.c.objc; path = bGeigieNanoiPhoneTests.m; sourceTree = "<group>"; };
		BE3816F5187BC90A0005C7DE /* CoreBluetooth.framework */ = {isa = PBXFileReference; lastKnownFileType = wrapper.framework; name = CoreBluetooth.framework; path = System/Library/Frameworks/CoreBluetooth.framework; sourceTree = SDKROOT; };
		BE3816FB187BF35C0005C7DE /* FindingPeripheralTableViewController.h */ = {isa = PBXFileReference; fileEncoding = 4; lastKnownFileType = sourcecode.c.h; path = FindingPeripheralTableViewController.h; sourceTree = "<group>"; };
		BE3816FC187BF35C0005C7DE /* FindingPeripheralTableViewController.m */ = {isa = PBXFileReference; fileEncoding = 4; lastKnownFileType = sourcecode.c.objc; path = FindingPeripheralTableViewController.m; sourceTree = "<group>"; };
		BE9CC1A9187E365B00401717 /* bGeigieNanoiPhoneEnterprise.app */ = {isa = PBXFileReference; explicitFileType = wrapper.application; includeInIndex = 0; path = bGeigieNanoiPhoneEnterprise.app; sourceTree = BUILT_PRODUCTS_DIR; };
		BE9CC1AA187E365C00401717 /* bGeigieNanoiPhone Enterprise-Info.plist */ = {isa = PBXFileReference; lastKnownFileType = text.plist.xml; path = "bGeigieNanoiPhone Enterprise-Info.plist"; sourceTree = "<group>"; };
		BEDD77F1187FE5700089B779 /* SensorDataParser.h */ = {isa = PBXFileReference; fileEncoding = 4; lastKnownFileType = sourcecode.c.h; path = SensorDataParser.h; sourceTree = "<group>"; };
		BEDD77F2187FE5700089B779 /* SensorDataParser.m */ = {isa = PBXFileReference; fileEncoding = 4; lastKnownFileType = sourcecode.c.objc; path = SensorDataParser.m; sourceTree = "<group>"; };
		BEDD7800187FE5D20089B779 /* SensorData.h */ = {isa = PBXFileReference; fileEncoding = 4; lastKnownFileType = sourcecode.c.h; path = SensorData.h; sourceTree = "<group>"; };
		BEDD7801187FE5D20089B779 /* SensorData.m */ = {isa = PBXFileReference; fileEncoding = 4; lastKnownFileType = sourcecode.c.objc; path = SensorData.m; sourceTree = "<group>"; };
		CE5B0AB4187E5534002B16DF /* libPods.a */ = {isa = PBXFileReference; lastKnownFileType = archive.ar; path = libPods.a; sourceTree = BUILT_PRODUCTS_DIR; };
/* End PBXFileReference section */

/* Begin PBXFrameworksBuildPhase section */
		BE3816BA187BC3C60005C7DE /* Frameworks */ = {
			isa = PBXFrameworksBuildPhase;
			buildActionMask = 2147483647;
			files = (
				BE3816F6187BC90A0005C7DE /* CoreBluetooth.framework in Frameworks */,
				BE3816C3187BC3C60005C7DE /* CoreGraphics.framework in Frameworks */,
				BE3816C5187BC3C60005C7DE /* UIKit.framework in Frameworks */,
				BE3816C1187BC3C60005C7DE /* Foundation.framework in Frameworks */,
				96D6C734389045EBAD0A4144 /* libPods.a in Frameworks */,
			);
			runOnlyForDeploymentPostprocessing = 0;
		};
		BE3816DB187BC3C60005C7DE /* Frameworks */ = {
			isa = PBXFrameworksBuildPhase;
			buildActionMask = 2147483647;
			files = (
				BE3816E0187BC3C60005C7DE /* XCTest.framework in Frameworks */,
				BE3816E2187BC3C60005C7DE /* UIKit.framework in Frameworks */,
				BE3816E1187BC3C60005C7DE /* Foundation.framework in Frameworks */,
			);
			runOnlyForDeploymentPostprocessing = 0;
		};
		BE9CC19D187E365B00401717 /* Frameworks */ = {
			isa = PBXFrameworksBuildPhase;
			buildActionMask = 2147483647;
			files = (
				BE9CC19E187E365B00401717 /* CoreBluetooth.framework in Frameworks */,
				BE9CC19F187E365B00401717 /* CoreGraphics.framework in Frameworks */,
				BE9CC1A0187E365B00401717 /* UIKit.framework in Frameworks */,
				BE9CC1A1187E365B00401717 /* Foundation.framework in Frameworks */,
				CE5B0AB5187E5534002B16DF /* libPods.a in Frameworks */,
			);
			runOnlyForDeploymentPostprocessing = 0;
		};
/* End PBXFrameworksBuildPhase section */

/* Begin PBXGroup section */
		BE3816B4187BC3C60005C7DE = {
			isa = PBXGroup;
			children = (
				BE3816C6187BC3C60005C7DE /* bGeigieNanoiPhone */,
				BE3816E5187BC3C60005C7DE /* bGeigieNanoiPhoneTests */,
				BE3816BF187BC3C60005C7DE /* Frameworks */,
				BE3816BE187BC3C60005C7DE /* Products */,
				36EC5B5507664A8B917DF741 /* Pods.xcconfig */,
			);
			sourceTree = "<group>";
		};
		BE3816BE187BC3C60005C7DE /* Products */ = {
			isa = PBXGroup;
			children = (
				BE3816BD187BC3C60005C7DE /* bGeigieNanoiPhone.app */,
				BE3816DE187BC3C60005C7DE /* bGeigieNanoiPhoneTests.xctest */,
				BE9CC1A9187E365B00401717 /* bGeigieNanoiPhoneEnterprise.app */,
			);
			name = Products;
			sourceTree = "<group>";
		};
		BE3816BF187BC3C60005C7DE /* Frameworks */ = {
			isa = PBXGroup;
			children = (
				CE5B0AB4187E5534002B16DF /* libPods.a */,
				BE3816F5187BC90A0005C7DE /* CoreBluetooth.framework */,
				BE3816C0187BC3C60005C7DE /* Foundation.framework */,
				BE3816C2187BC3C60005C7DE /* CoreGraphics.framework */,
				BE3816C4187BC3C60005C7DE /* UIKit.framework */,
				BE3816DF187BC3C60005C7DE /* XCTest.framework */,
				0011BD28C7BB489584051A22 /* libPods.a */,
			);
			name = Frameworks;
			sourceTree = "<group>";
		};
		BE3816C6187BC3C60005C7DE /* bGeigieNanoiPhone */ = {
			isa = PBXGroup;
			children = (
				BEDD77FF187FE5D20089B779 /* Models */,
				BEDD77ED187FE3960089B779 /* Utils */,
				BE3816CF187BC3C60005C7DE /* AppDelegate.h */,
				BE3816D0187BC3C60005C7DE /* AppDelegate.m */,
				BE3816D2187BC3C60005C7DE /* Main.storyboard */,
				BE3816D5187BC3C60005C7DE /* ViewController.h */,
				BE3816D6187BC3C60005C7DE /* ViewController.m */,
				BE3816D8187BC3C60005C7DE /* Images.xcassets */,
				BE3816C7187BC3C60005C7DE /* Supporting Files */,
				BE3816FB187BF35C0005C7DE /* FindingPeripheralTableViewController.h */,
				BE3816FC187BF35C0005C7DE /* FindingPeripheralTableViewController.m */,
			);
			path = bGeigieNanoiPhone;
			sourceTree = "<group>";
		};
		BE3816C7187BC3C60005C7DE /* Supporting Files */ = {
			isa = PBXGroup;
			children = (
				BE9CC1AA187E365C00401717 /* bGeigieNanoiPhone Enterprise-Info.plist */,
				BE3816C8187BC3C60005C7DE /* bGeigieNanoiPhone-Info.plist */,
				BE3816C9187BC3C60005C7DE /* InfoPlist.strings */,
				BE3816CC187BC3C60005C7DE /* main.m */,
				BE3816CE187BC3C60005C7DE /* bGeigieNanoiPhone-Prefix.pch */,
			);
			name = "Supporting Files";
			sourceTree = "<group>";
		};
		BE3816E5187BC3C60005C7DE /* bGeigieNanoiPhoneTests */ = {
			isa = PBXGroup;
			children = (
				BE3816EB187BC3C60005C7DE /* bGeigieNanoiPhoneTests.m */,
				BE3816E6187BC3C60005C7DE /* Supporting Files */,
			);
			path = bGeigieNanoiPhoneTests;
			sourceTree = "<group>";
		};
		BE3816E6187BC3C60005C7DE /* Supporting Files */ = {
			isa = PBXGroup;
			children = (
				BE3816E7187BC3C60005C7DE /* bGeigieNanoiPhoneTests-Info.plist */,
				BE3816E8187BC3C60005C7DE /* InfoPlist.strings */,
			);
			name = "Supporting Files";
			sourceTree = "<group>";
		};
		BEDD77ED187FE3960089B779 /* Utils */ = {
			isa = PBXGroup;
			children = (
				BEDD77F0187FE5700089B779 /* Parsers */,
			);
			path = Utils;
			sourceTree = "<group>";
		};
		BEDD77F0187FE5700089B779 /* Parsers */ = {
			isa = PBXGroup;
			children = (
				BEDD77F1187FE5700089B779 /* SensorDataParser.h */,
				BEDD77F2187FE5700089B779 /* SensorDataParser.m */,
			);
			path = Parsers;
			sourceTree = "<group>";
		};
		BEDD77FF187FE5D20089B779 /* Models */ = {
			isa = PBXGroup;
			children = (
				BEDD7800187FE5D20089B779 /* SensorData.h */,
				BEDD7801187FE5D20089B779 /* SensorData.m */,
			);
			path = Models;
			sourceTree = "<group>";
		};
/* End PBXGroup section */

/* Begin PBXNativeTarget section */
		BE3816BC187BC3C60005C7DE /* bGeigieNanoiPhone */ = {
			isa = PBXNativeTarget;
			buildConfigurationList = BE3816EF187BC3C60005C7DE /* Build configuration list for PBXNativeTarget "bGeigieNanoiPhone" */;
			buildPhases = (
				3B970A5523294B04A27205E8 /* Check Pods Manifest.lock */,
				BE3816B9187BC3C60005C7DE /* Sources */,
				BE3816BA187BC3C60005C7DE /* Frameworks */,
				BE3816BB187BC3C60005C7DE /* Resources */,
				2FE673D7E9E547E5A0EEE966 /* Copy Pods Resources */,
			);
			buildRules = (
			);
			dependencies = (
			);
			name = bGeigieNanoiPhone;
			productName = bGeigieNanoiPhone;
			productReference = BE3816BD187BC3C60005C7DE /* bGeigieNanoiPhone.app */;
			productType = "com.apple.product-type.application";
		};
		BE3816DD187BC3C60005C7DE /* bGeigieNanoiPhoneTests */ = {
			isa = PBXNativeTarget;
			buildConfigurationList = BE3816F2187BC3C60005C7DE /* Build configuration list for PBXNativeTarget "bGeigieNanoiPhoneTests" */;
			buildPhases = (
				BE3816DA187BC3C60005C7DE /* Sources */,
				BE3816DB187BC3C60005C7DE /* Frameworks */,
				BE3816DC187BC3C60005C7DE /* Resources */,
			);
			buildRules = (
			);
			dependencies = (
				BE3816E4187BC3C60005C7DE /* PBXTargetDependency */,
			);
			name = bGeigieNanoiPhoneTests;
			productName = bGeigieNanoiPhoneTests;
			productReference = BE3816DE187BC3C60005C7DE /* bGeigieNanoiPhoneTests.xctest */;
			productType = "com.apple.product-type.bundle.unit-test";
		};
		BE9CC197187E365B00401717 /* bGeigieNanoiPhone Enterprise */ = {
			isa = PBXNativeTarget;
			buildConfigurationList = BE9CC1A6187E365B00401717 /* Build configuration list for PBXNativeTarget "bGeigieNanoiPhone Enterprise" */;
			buildPhases = (
				BE9CC198187E365B00401717 /* Sources */,
				BE9CC19D187E365B00401717 /* Frameworks */,
				BE9CC1A2187E365B00401717 /* Resources */,
				BEEA0AE71883BACA001F2090 /* Copy Pods Resources */,
			);
			buildRules = (
			);
			dependencies = (
			);
			name = "bGeigieNanoiPhone Enterprise";
			productName = bGeigieNanoiPhone;
			productReference = BE9CC1A9187E365B00401717 /* bGeigieNanoiPhoneEnterprise.app */;
			productType = "com.apple.product-type.application";
		};
/* End PBXNativeTarget section */

/* Begin PBXProject section */
		BE3816B5187BC3C60005C7DE /* Project object */ = {
			isa = PBXProject;
			attributes = {
				LastUpgradeCheck = 0500;
				ORGANIZATIONNAME = "Eyes, JAPAN";
				TargetAttributes = {
					BE3816DD187BC3C60005C7DE = {
						TestTargetID = BE3816BC187BC3C60005C7DE;
					};
				};
			};
			buildConfigurationList = BE3816B8187BC3C60005C7DE /* Build configuration list for PBXProject "bGeigieNanoiPhone" */;
			compatibilityVersion = "Xcode 3.2";
			developmentRegion = English;
			hasScannedForEncodings = 0;
			knownRegions = (
				en,
				Base,
			);
			mainGroup = BE3816B4187BC3C60005C7DE;
			productRefGroup = BE3816BE187BC3C60005C7DE /* Products */;
			projectDirPath = "";
			projectRoot = "";
			targets = (
				BE3816BC187BC3C60005C7DE /* bGeigieNanoiPhone */,
				BE9CC197187E365B00401717 /* bGeigieNanoiPhone Enterprise */,
				BE3816DD187BC3C60005C7DE /* bGeigieNanoiPhoneTests */,
			);
		};
/* End PBXProject section */

/* Begin PBXResourcesBuildPhase section */
		BE3816BB187BC3C60005C7DE /* Resources */ = {
			isa = PBXResourcesBuildPhase;
			buildActionMask = 2147483647;
			files = (
				BE3816D9187BC3C60005C7DE /* Images.xcassets in Resources */,
				BE3816CB187BC3C60005C7DE /* InfoPlist.strings in Resources */,
				BE3816D4187BC3C60005C7DE /* Main.storyboard in Resources */,
			);
			runOnlyForDeploymentPostprocessing = 0;
		};
		BE3816DC187BC3C60005C7DE /* Resources */ = {
			isa = PBXResourcesBuildPhase;
			buildActionMask = 2147483647;
			files = (
				BE3816EA187BC3C60005C7DE /* InfoPlist.strings in Resources */,
			);
			runOnlyForDeploymentPostprocessing = 0;
		};
		BE9CC1A2187E365B00401717 /* Resources */ = {
			isa = PBXResourcesBuildPhase;
			buildActionMask = 2147483647;
			files = (
				BE9CC1A3187E365B00401717 /* Images.xcassets in Resources */,
				BE9CC1A4187E365B00401717 /* InfoPlist.strings in Resources */,
				BE9CC1A5187E365B00401717 /* Main.storyboard in Resources */,
			);
			runOnlyForDeploymentPostprocessing = 0;
		};
/* End PBXResourcesBuildPhase section */

/* Begin PBXShellScriptBuildPhase section */
		2FE673D7E9E547E5A0EEE966 /* Copy Pods Resources */ = {
			isa = PBXShellScriptBuildPhase;
			buildActionMask = 2147483647;
			files = (
			);
			inputPaths = (
			);
			name = "Copy Pods Resources";
			outputPaths = (
			);
			runOnlyForDeploymentPostprocessing = 0;
			shellPath = /bin/sh;
			shellScript = "\"${SRCROOT}/Pods/Pods-resources.sh\"\n";
			showEnvVarsInLog = 0;
		};
		3B970A5523294B04A27205E8 /* Check Pods Manifest.lock */ = {
			isa = PBXShellScriptBuildPhase;
			buildActionMask = 2147483647;
			files = (
			);
			inputPaths = (
			);
			name = "Check Pods Manifest.lock";
			outputPaths = (
			);
			runOnlyForDeploymentPostprocessing = 0;
			shellPath = /bin/sh;
			shellScript = "diff \"${PODS_ROOT}/../Podfile.lock\" \"${PODS_ROOT}/Manifest.lock\" > /dev/null\nif [[ $? != 0 ]] ; then\n    cat << EOM\nerror: The sandbox is not in sync with the Podfile.lock. Run 'pod install' or update your CocoaPods installation.\nEOM\n    exit 1\nfi\n";
			showEnvVarsInLog = 0;
		};
		BEEA0AE71883BACA001F2090 /* Copy Pods Resources */ = {
			isa = PBXShellScriptBuildPhase;
			buildActionMask = 2147483647;
			files = (
			);
			inputPaths = (
			);
			name = "Copy Pods Resources";
			outputPaths = (
			);
			runOnlyForDeploymentPostprocessing = 0;
			shellPath = /bin/sh;
			shellScript = "\"${SRCROOT}/Pods/Pods-resources.sh\"";
			showEnvVarsInLog = 0;
		};
/* End PBXShellScriptBuildPhase section */

/* Begin PBXSourcesBuildPhase section */
		BE3816B9187BC3C60005C7DE /* Sources */ = {
			isa = PBXSourcesBuildPhase;
			buildActionMask = 2147483647;
			files = (
				BEDD7802187FE5D20089B779 /* SensorData.m in Sources */,
				BE3816D7187BC3C60005C7DE /* ViewController.m in Sources */,
				BEDD77F6187FE5700089B779 /* SensorDataParser.m in Sources */,
				BE3816D1187BC3C60005C7DE /* AppDelegate.m in Sources */,
				BE3816CD187BC3C60005C7DE /* main.m in Sources */,
				BE3816FD187BF35C0005C7DE /* FindingPeripheralTableViewController.m in Sources */,
			);
			runOnlyForDeploymentPostprocessing = 0;
		};
		BE3816DA187BC3C60005C7DE /* Sources */ = {
			isa = PBXSourcesBuildPhase;
			buildActionMask = 2147483647;
			files = (
				BEDD77F8187FE5700089B779 /* SensorDataParser.m in Sources */,
				BE3816EC187BC3C60005C7DE /* bGeigieNanoiPhoneTests.m in Sources */,
				BEDD7804187FE5D20089B779 /* SensorData.m in Sources */,
			);
			runOnlyForDeploymentPostprocessing = 0;
		};
		BE9CC198187E365B00401717 /* Sources */ = {
			isa = PBXSourcesBuildPhase;
			buildActionMask = 2147483647;
			files = (
				BEDD7803187FE5D20089B779 /* SensorData.m in Sources */,
				BE9CC199187E365B00401717 /* ViewController.m in Sources */,
				BEDD77F7187FE5700089B779 /* SensorDataParser.m in Sources */,
				BE9CC19A187E365B00401717 /* AppDelegate.m in Sources */,
				BE9CC19B187E365B00401717 /* main.m in Sources */,
				BE9CC19C187E365B00401717 /* FindingPeripheralTableViewController.m in Sources */,
			);
			runOnlyForDeploymentPostprocessing = 0;
		};
/* End PBXSourcesBuildPhase section */

/* Begin PBXTargetDependency section */
		BE3816E4187BC3C60005C7DE /* PBXTargetDependency */ = {
			isa = PBXTargetDependency;
			target = BE3816BC187BC3C60005C7DE /* bGeigieNanoiPhone */;
			targetProxy = BE3816E3187BC3C60005C7DE /* PBXContainerItemProxy */;
		};
/* End PBXTargetDependency section */

/* Begin PBXVariantGroup section */
		BE3816C9187BC3C60005C7DE /* InfoPlist.strings */ = {
			isa = PBXVariantGroup;
			children = (
				BE3816CA187BC3C60005C7DE /* en */,
			);
			name = InfoPlist.strings;
			sourceTree = "<group>";
		};
		BE3816D2187BC3C60005C7DE /* Main.storyboard */ = {
			isa = PBXVariantGroup;
			children = (
				BE3816D3187BC3C60005C7DE /* Base */,
			);
			name = Main.storyboard;
			sourceTree = "<group>";
		};
		BE3816E8187BC3C60005C7DE /* InfoPlist.strings */ = {
			isa = PBXVariantGroup;
			children = (
				BE3816E9187BC3C60005C7DE /* en */,
			);
			name = InfoPlist.strings;
			sourceTree = "<group>";
		};
/* End PBXVariantGroup section */

/* Begin XCBuildConfiguration section */
		BE3816ED187BC3C60005C7DE /* Debug */ = {
			isa = XCBuildConfiguration;
			buildSettings = {
				ALWAYS_SEARCH_USER_PATHS = NO;
				ARCHS = "$(ARCHS_STANDARD_INCLUDING_64_BIT)";
				CLANG_CXX_LANGUAGE_STANDARD = "gnu++0x";
				CLANG_CXX_LIBRARY = "libc++";
				CLANG_ENABLE_MODULES = YES;
				CLANG_ENABLE_OBJC_ARC = YES;
				CLANG_WARN_BOOL_CONVERSION = YES;
				CLANG_WARN_CONSTANT_CONVERSION = YES;
				CLANG_WARN_DIRECT_OBJC_ISA_USAGE = YES_ERROR;
				CLANG_WARN_EMPTY_BODY = YES;
				CLANG_WARN_ENUM_CONVERSION = YES;
				CLANG_WARN_INT_CONVERSION = YES;
				CLANG_WARN_OBJC_ROOT_CLASS = YES_ERROR;
				CLANG_WARN__DUPLICATE_METHOD_MATCH = YES;
				"CODE_SIGN_IDENTITY[sdk=iphoneos*]" = "iPhone Developer";
				COPY_PHASE_STRIP = NO;
				GCC_C_LANGUAGE_STANDARD = gnu99;
				GCC_DYNAMIC_NO_PIC = NO;
				GCC_OPTIMIZATION_LEVEL = 0;
				GCC_PREPROCESSOR_DEFINITIONS = "COCOAPODS=1";
				GCC_SYMBOLS_PRIVATE_EXTERN = NO;
				GCC_WARN_64_TO_32_BIT_CONVERSION = YES;
				GCC_WARN_ABOUT_RETURN_TYPE = YES_ERROR;
				GCC_WARN_UNDECLARED_SELECTOR = YES;
				GCC_WARN_UNINITIALIZED_AUTOS = YES;
				GCC_WARN_UNUSED_FUNCTION = YES;
				GCC_WARN_UNUSED_VARIABLE = YES;
				IPHONEOS_DEPLOYMENT_TARGET = 6.0;
				ONLY_ACTIVE_ARCH = YES;
				SDKROOT = iphoneos;
			};
			name = Debug;
		};
		BE3816EE187BC3C60005C7DE /* Release */ = {
			isa = XCBuildConfiguration;
			buildSettings = {
				ALWAYS_SEARCH_USER_PATHS = NO;
				ARCHS = "$(ARCHS_STANDARD_INCLUDING_64_BIT)";
				CLANG_CXX_LANGUAGE_STANDARD = "gnu++0x";
				CLANG_CXX_LIBRARY = "libc++";
				CLANG_ENABLE_MODULES = YES;
				CLANG_ENABLE_OBJC_ARC = YES;
				CLANG_WARN_BOOL_CONVERSION = YES;
				CLANG_WARN_CONSTANT_CONVERSION = YES;
				CLANG_WARN_DIRECT_OBJC_ISA_USAGE = YES_ERROR;
				CLANG_WARN_EMPTY_BODY = YES;
				CLANG_WARN_ENUM_CONVERSION = YES;
				CLANG_WARN_INT_CONVERSION = YES;
				CLANG_WARN_OBJC_ROOT_CLASS = YES_ERROR;
				CLANG_WARN__DUPLICATE_METHOD_MATCH = YES;
				"CODE_SIGN_IDENTITY[sdk=iphoneos*]" = "iPhone Developer";
				COPY_PHASE_STRIP = YES;
				ENABLE_NS_ASSERTIONS = NO;
				GCC_C_LANGUAGE_STANDARD = gnu99;
				GCC_PREPROCESSOR_DEFINITIONS = "COCOAPODS=1";
				GCC_WARN_64_TO_32_BIT_CONVERSION = YES;
				GCC_WARN_ABOUT_RETURN_TYPE = YES_ERROR;
				GCC_WARN_UNDECLARED_SELECTOR = YES;
				GCC_WARN_UNINITIALIZED_AUTOS = YES;
				GCC_WARN_UNUSED_FUNCTION = YES;
				GCC_WARN_UNUSED_VARIABLE = YES;
				IPHONEOS_DEPLOYMENT_TARGET = 6.0;
				SDKROOT = iphoneos;
				VALIDATE_PRODUCT = YES;
			};
			name = Release;
		};
		BE3816F0187BC3C60005C7DE /* Debug */ = {
			isa = XCBuildConfiguration;
			baseConfigurationReference = 36EC5B5507664A8B917DF741 /* Pods.xcconfig */;
			buildSettings = {
				ASSETCATALOG_COMPILER_APPICON_NAME = AppIcon;
				ASSETCATALOG_COMPILER_LAUNCHIMAGE_NAME = LaunchImage;
				CURRENT_PROJECT_VERSION = 10;
				GCC_PRECOMPILE_PREFIX_HEADER = YES;
				GCC_PREFIX_HEADER = "bGeigieNanoiPhone/bGeigieNanoiPhone-Prefix.pch";
				INFOPLIST_FILE = "bGeigieNanoiPhone/bGeigieNanoiPhone-Info.plist";
				PRODUCT_NAME = "$(TARGET_NAME)";
				VERSIONING_SYSTEM = "apple-generic";
				WRAPPER_EXTENSION = app;
			};
			name = Debug;
		};
		BE3816F1187BC3C60005C7DE /* Release */ = {
			isa = XCBuildConfiguration;
			baseConfigurationReference = 36EC5B5507664A8B917DF741 /* Pods.xcconfig */;
			buildSettings = {
				ASSETCATALOG_COMPILER_APPICON_NAME = AppIcon;
				ASSETCATALOG_COMPILER_LAUNCHIMAGE_NAME = LaunchImage;
				CURRENT_PROJECT_VERSION = 10;
				GCC_PRECOMPILE_PREFIX_HEADER = YES;
				GCC_PREFIX_HEADER = "bGeigieNanoiPhone/bGeigieNanoiPhone-Prefix.pch";
				INFOPLIST_FILE = "bGeigieNanoiPhone/bGeigieNanoiPhone-Info.plist";
				PRODUCT_NAME = "$(TARGET_NAME)";
				VERSIONING_SYSTEM = "apple-generic";
				WRAPPER_EXTENSION = app;
			};
			name = Release;
		};
		BE3816F3187BC3C60005C7DE /* Debug */ = {
			isa = XCBuildConfiguration;
			buildSettings = {
				ARCHS = "$(ARCHS_STANDARD_INCLUDING_64_BIT)";
				BUNDLE_LOADER = "$(BUILT_PRODUCTS_DIR)/bGeigieNanoiPhone.app/bGeigieNanoiPhone";
				CURRENT_PROJECT_VERSION = 10;
				FRAMEWORK_SEARCH_PATHS = (
					"$(SDKROOT)/Developer/Library/Frameworks",
					"$(inherited)",
					"$(DEVELOPER_FRAMEWORKS_DIR)",
				);
				GCC_PRECOMPILE_PREFIX_HEADER = YES;
				GCC_PREFIX_HEADER = "bGeigieNanoiPhone/bGeigieNanoiPhone-Prefix.pch";
				GCC_PREPROCESSOR_DEFINITIONS = (
					"DEBUG=1",
					"$(inherited)",
				);
				INFOPLIST_FILE = "bGeigieNanoiPhoneTests/bGeigieNanoiPhoneTests-Info.plist";
				PRODUCT_NAME = "$(TARGET_NAME)";
				TEST_HOST = "$(BUNDLE_LOADER)";
				VERSIONING_SYSTEM = "apple-generic";
				WRAPPER_EXTENSION = xctest;
			};
			name = Debug;
		};
		BE3816F4187BC3C60005C7DE /* Release */ = {
			isa = XCBuildConfiguration;
			buildSettings = {
				ARCHS = "$(ARCHS_STANDARD_INCLUDING_64_BIT)";
				BUNDLE_LOADER = "$(BUILT_PRODUCTS_DIR)/bGeigieNanoiPhone.app/bGeigieNanoiPhone";
				CURRENT_PROJECT_VERSION = 10;
				FRAMEWORK_SEARCH_PATHS = (
					"$(SDKROOT)/Developer/Library/Frameworks",
					"$(inherited)",
					"$(DEVELOPER_FRAMEWORKS_DIR)",
				);
				GCC_PRECOMPILE_PREFIX_HEADER = YES;
				GCC_PREFIX_HEADER = "bGeigieNanoiPhone/bGeigieNanoiPhone-Prefix.pch";
				INFOPLIST_FILE = "bGeigieNanoiPhoneTests/bGeigieNanoiPhoneTests-Info.plist";
				PRODUCT_NAME = "$(TARGET_NAME)";
				TEST_HOST = "$(BUNDLE_LOADER)";
				VERSIONING_SYSTEM = "apple-generic";
				WRAPPER_EXTENSION = xctest;
			};
			name = Release;
		};
		BE9CC1A7187E365B00401717 /* Debug */ = {
			isa = XCBuildConfiguration;
			buildSettings = {
				ARCHS = "$(ARCHS_STANDARD)";
				ASSETCATALOG_COMPILER_APPICON_NAME = AppIcon;
				ASSETCATALOG_COMPILER_LAUNCHIMAGE_NAME = LaunchImage;
				CURRENT_PROJECT_VERSION = 10;
				GCC_PRECOMPILE_PREFIX_HEADER = YES;
				GCC_PREFIX_HEADER = "bGeigieNanoiPhone/bGeigieNanoiPhone-Prefix.pch";
				GCC_PREPROCESSOR_DEFINITIONS = (
					"$(inherited)",
					"COCOAPODS=1",
				);
				HEADER_SEARCH_PATHS = (
					"$(inherited)",
					/Applications/Xcode.app/Contents/Developer/Toolchains/XcodeDefault.xctoolchain/usr/include,
					"\"${PODS_ROOT}/Headers\"",
					"\"${PODS_ROOT}/Headers/TestFlightSDK\"",
				);
				INFOPLIST_FILE = "bGeigieNanoiPhone/bGeigieNanoiPhone Enterprise-Info.plist";
				IPHONEOS_DEPLOYMENT_TARGET = 7.0;
				LIBRARY_SEARCH_PATHS = "\"$(PODS_ROOT)/TestFlightSDK\"";
				PODS_ROOT = "${SRCROOT}/Pods";
				PRODUCT_NAME = bGeigieNanoiPhoneEnterprise;
				TARGETED_DEVICE_FAMILY = 1;
				VERSIONING_SYSTEM = "apple-generic";
				WRAPPER_EXTENSION = app;
			};
			name = Debug;
		};
		BE9CC1A8187E365B00401717 /* Release */ = {
			isa = XCBuildConfiguration;
			buildSettings = {
				ARCHS = "$(ARCHS_STANDARD)";
				ASSETCATALOG_COMPILER_APPICON_NAME = AppIcon;
				ASSETCATALOG_COMPILER_LAUNCHIMAGE_NAME = LaunchImage;
				CURRENT_PROJECT_VERSION = 10;
				GCC_PRECOMPILE_PREFIX_HEADER = YES;
				GCC_PREFIX_HEADER = "bGeigieNanoiPhone/bGeigieNanoiPhone-Prefix.pch";
				GCC_PREPROCESSOR_DEFINITIONS = (
					"$(inherited)",
					"COCOAPODS=1",
				);
				HEADER_SEARCH_PATHS = (
					"$(inherited)",
					/Applications/Xcode.app/Contents/Developer/Toolchains/XcodeDefault.xctoolchain/usr/include,
					"\"${PODS_ROOT}/Headers\"",
					"\"${PODS_ROOT}/Headers/TestFlightSDK\"",
				);
				INFOPLIST_FILE = "bGeigieNanoiPhone/bGeigieNanoiPhone Enterprise-Info.plist";
				IPHONEOS_DEPLOYMENT_TARGET = 7.0;
				LIBRARY_SEARCH_PATHS = "\"$(PODS_ROOT)/TestFlightSDK\"";
				PODS_ROOT = "${SRCROOT}/Pods";
				PRODUCT_NAME = bGeigieNanoiPhoneEnterprise;
				TARGETED_DEVICE_FAMILY = 1;
				VERSIONING_SYSTEM = "apple-generic";
				WRAPPER_EXTENSION = app;
			};
			name = Release;
		};
/* End XCBuildConfiguration section */

/* Begin XCConfigurationList section */
		BE3816B8187BC3C60005C7DE /* Build configuration list for PBXProject "bGeigieNanoiPhone" */ = {
			isa = XCConfigurationList;
			buildConfigurations = (
				BE3816ED187BC3C60005C7DE /* Debug */,
				BE3816EE187BC3C60005C7DE /* Release */,
			);
			defaultConfigurationIsVisible = 0;
			defaultConfigurationName = Release;
		};
		BE3816EF187BC3C60005C7DE /* Build configuration list for PBXNativeTarget "bGeigieNanoiPhone" */ = {
			isa = XCConfigurationList;
			buildConfigurations = (
				BE3816F0187BC3C60005C7DE /* Debug */,
				BE3816F1187BC3C60005C7DE /* Release */,
			);
			defaultConfigurationIsVisible = 0;
			defaultConfigurationName = Release;
		};
		BE3816F2187BC3C60005C7DE /* Build configuration list for PBXNativeTarget "bGeigieNanoiPhoneTests" */ = {
			isa = XCConfigurationList;
			buildConfigurations = (
				BE3816F3187BC3C60005C7DE /* Debug */,
				BE3816F4187BC3C60005C7DE /* Release */,
			);
			defaultConfigurationIsVisible = 0;
			defaultConfigurationName = Release;
		};
		BE9CC1A6187E365B00401717 /* Build configuration list for PBXNativeTarget "bGeigieNanoiPhone Enterprise" */ = {
			isa = XCConfigurationList;
			buildConfigurations = (
				BE9CC1A7187E365B00401717 /* Debug */,
				BE9CC1A8187E365B00401717 /* Release */,
			);
			defaultConfigurationIsVisible = 0;
			defaultConfigurationName = Release;
		};
/* End XCConfigurationList section */
	};
	rootObject = BE3816B5187BC3C60005C7DE /* Project object */;
}
